
Microsoft Visual Studio Solution File, Format Version 12.00
# Visual Studio Version 16
VisualStudioVersion = 16.0.31005.135
MinimumVisualStudioVersion = 10.0.40219.1
Project("{9A19103F-16F7-4668-BE54-9A1E7A4F7556}") = "MyReport", "MyReport\MyReport.csproj", "{892BE9E2-D78D-40BB-B1C2-CCD9023A1E2B}"
EndProject
Project("{FAE04EC0-301F-11D3-BF4B-00C04F79EFBC}") = "10Model", "10Model\10Model.csproj", "{1708FFD6-9905-43DE-ABA8-F02373BC8486}"
EndProject
Project("{FAE04EC0-301F-11D3-BF4B-00C04F79EFBC}") = "30ViewModel", "30ViewModel\30ViewModel.csproj", "{8EF304A0-DD26-4C89-A47C-92A5B4F78F05}"
EndProject
Project("{FAE04EC0-301F-11D3-BF4B-00C04F79EFBC}") = "20DbLayer", "20DbLayer\20DbLayer.csproj", "{A94A4273-3530-43CD-B6B8-BC6BD0C489DA}"
EndProject
Global
	GlobalSection(SolutionConfigurationPlatforms) = preSolution
		Debug|Any CPU = Debug|Any CPU
		Release|Any CPU = Release|Any CPU
	EndGlobalSection
	GlobalSection(ProjectConfigurationPlatforms) = postSolution
		{892BE9E2-D78D-40BB-B1C2-CCD9023A1E2B}.Debug|Any CPU.ActiveCfg = Debug|Any CPU
		{892BE9E2-D78D-40BB-B1C2-CCD9023A1E2B}.Debug|Any CPU.Build.0 = Debug|Any CPU
		{892BE9E2-D78D-40BB-B1C2-CCD9023A1E2B}.Release|Any CPU.ActiveCfg = Release|Any CPU
		{892BE9E2-D78D-40BB-B1C2-CCD9023A1E2B}.Release|Any CPU.Build.0 = Release|Any CPU
		{1708FFD6-9905-43DE-ABA8-F02373BC8486}.Debug|Any CPU.ActiveCfg = Debug|Any CPU
		{1708FFD6-9905-43DE-ABA8-F02373BC8486}.Debug|Any CPU.Build.0 = Debug|Any CPU
		{1708FFD6-9905-43DE-ABA8-F02373BC8486}.Release|Any CPU.ActiveCfg = Release|Any CPU
		{1708FFD6-9905-43DE-ABA8-F02373BC8486}.Release|Any CPU.Build.0 = Release|Any CPU
		{8EF304A0-DD26-4C89-A47C-92A5B4F78F05}.Debug|Any CPU.ActiveCfg = Debug|Any CPU
		{8EF304A0-DD26-4C89-A47C-92A5B4F78F05}.Debug|Any CPU.Build.0 = Debug|Any CPU
		{8EF304A0-DD26-4C89-A47C-92A5B4F78F05}.Release|Any CPU.ActiveCfg = Release|Any CPU
		{8EF304A0-DD26-4C89-A47C-92A5B4F78F05}.Release|Any CPU.Build.0 = Release|Any CPU
		{A94A4273-3530-43CD-B6B8-BC6BD0C489DA}.Debug|Any CPU.ActiveCfg = Debug|Any CPU
		{A94A4273-3530-43CD-B6B8-BC6BD0C489DA}.Debug|Any CPU.Build.0 = Debug|Any CPU
		{A94A4273-3530-43CD-B6B8-BC6BD0C489DA}.Release|Any CPU.ActiveCfg = Release|Any CPU
		{A94A4273-3530-43CD-B6B8-BC6BD0C489DA}.Release|Any CPU.Build.0 = Release|Any CPU
	EndGlobalSection
	GlobalSection(SolutionProperties) = preSolution
		HideSolutionNode = FALSE
	EndGlobalSection
	GlobalSection(ExtensibilityGlobals) = postSolution
		SolutionGuid = {8FDAC201-2528-4C50-B955-DD13378C66FA}
	EndGlobalSection
EndGlobal
